
Microsoft Visual Studio Solution File, Format Version 12.00
# Visual Studio Version 17
VisualStudioVersion = 17.0.32014.148
MinimumVisualStudioVersion = 10.0.40219.1
Project("{9A19103F-16F7-4668-BE54-9A1E7A4F7556}") = "MyEventes", "MyEventes\MyEventes.csproj", "{33993A40-BDFF-4836-83E0-776AFE0E7433}"
EndProject
Project("{FAE04EC0-301F-11D3-BF4B-00C04F79EFBC}") = "DataAccess", "DataAccess\DataAccess.csproj", "{F15289C1-57D4-4E5E-BFC7-900080E93A03}"
EndProject
Global
	GlobalSection(SolutionConfigurationPlatforms) = preSolution
		Debug|Any CPU = Debug|Any CPU
		Release|Any CPU = Release|Any CPU
	EndGlobalSection
	GlobalSection(ProjectConfigurationPlatforms) = postSolution
		{33993A40-BDFF-4836-83E0-776AFE0E7433}.Debug|Any CPU.ActiveCfg = Debug|Any CPU
		{33993A40-BDFF-4836-83E0-776AFE0E7433}.Debug|Any CPU.Build.0 = Debug|Any CPU
		{33993A40-BDFF-4836-83E0-776AFE0E7433}.Release|Any CPU.ActiveCfg = Release|Any CPU
		{33993A40-BDFF-4836-83E0-776AFE0E7433}.Release|Any CPU.Build.0 = Release|Any CPU
		{F15289C1-57D4-4E5E-BFC7-900080E93A03}.Debug|Any CPU.ActiveCfg = Debug|Any CPU
		{F15289C1-57D4-4E5E-BFC7-900080E93A03}.Debug|Any CPU.Build.0 = Debug|Any CPU
		{F15289C1-57D4-4E5E-BFC7-900080E93A03}.Release|Any CPU.ActiveCfg = Release|Any CPU
		{F15289C1-57D4-4E5E-BFC7-900080E93A03}.Release|Any CPU.Build.0 = Release|Any CPU
	EndGlobalSection
	GlobalSection(SolutionProperties) = preSolution
		HideSolutionNode = FALSE
	EndGlobalSection
	GlobalSection(ExtensibilityGlobals) = postSolution
		SolutionGuid = {B5DFB230-B73B-405C-9105-022AA9F6A1F6}
	EndGlobalSection
EndGlobal
